
Microsoft Visual Studio Solution File, Format Version 12.00
# Visual Studio Version 17
VisualStudioVersion = 17.14.36327.8 d17.14
MinimumVisualStudioVersion = 10.0.40219.1
Project("{FAE04EC0-301F-11D3-BF4B-00C04F79EFBC}") = "SmartBuildingAPI", "SmartBuildingAPI.csproj", "{5F720062-C3C5-D069-E2E4-089D24E60D4B}"
EndProject
Global
	GlobalSection(SolutionConfigurationPlatforms) = preSolution
		Debug|Any CPU = Debug|Any CPU
		Release|Any CPU = Release|Any CPU
	EndGlobalSection
	GlobalSection(ProjectConfigurationPlatforms) = postSolution
		{5F720062-C3C5-D069-E2E4-089D24E60D4B}.Debug|Any CPU.ActiveCfg = Debug|Any CPU
		{5F720062-C3C5-D069-E2E4-089D24E60D4B}.Debug|Any CPU.Build.0 = Debug|Any CPU
		{5F720062-C3C5-D069-E2E4-089D24E60D4B}.Release|Any CPU.ActiveCfg = Release|Any CPU
		{5F720062-C3C5-D069-E2E4-089D24E60D4B}.Release|Any CPU.Build.0 = Release|Any CPU
	EndGlobalSection
	GlobalSection(SolutionProperties) = preSolution
		HideSolutionNode = FALSE
	EndGlobalSection
	GlobalSection(ExtensibilityGlobals) = postSolution
		SolutionGuid = {FF9498D4-B421-4225-80FA-EA0FDA073B68}
	EndGlobalSection
EndGlobal
